
Microsoft Visual Studio Solution File, Format Version 12.00
# Visual Studio Version 16
VisualStudioVersion = 16.0.30320.27
MinimumVisualStudioVersion = 10.0.40219.1
Project("{FAE04EC0-301F-11D3-BF4B-00C04F79EFBC}") = "ConsoleViewer", "ConsoleViewer\ConsoleViewer.csproj", "{8E7FAFEA-8DF2-4E14-AAC8-0B36F54E94F8}"
EndProject
Project("{FAE04EC0-301F-11D3-BF4B-00C04F79EFBC}") = "MirthRESTAPI", "MirthRESTAPI\MirthRESTAPI.csproj", "{02FBDC99-A8C2-411C-A052-E71A2C7696D5}"
EndProject
Project("{FAE04EC0-301F-11D3-BF4B-00C04F79EFBC}") = "MirthVM", "MirthVM\MirthVM.csproj", "{F7B4EF9A-193E-4D1B-83B7-C7F6808AC4D6}"
EndProject
Project("{FAE04EC0-301F-11D3-BF4B-00C04F79EFBC}") = "WebViewer", "WebViewer\WebViewer.csproj", "{5C90ADCF-BC30-4875-86E9-3B852E9ED0A2}"
EndProject
Project("{FAE04EC0-301F-11D3-BF4B-00C04F79EFBC}") = "PentraVM", "PentraVM\PentraVM.csproj", "{73416450-DDAC-4FDC-93A9-060C5C84E748}"
EndProject
Project("{FAE04EC0-301F-11D3-BF4B-00C04F79EFBC}") = "SSH", "SSH\SSH.csproj", "{345F74DE-EC28-46CA-B93A-54F297EFACF7}"
EndProject
Project("{2150E333-8FDC-42A3-9474-1A3956D46DE8}") = "Utilities", "Utilities", "{9FC0C50F-7201-4378-A0C4-47E0B1DAA9E9}"
EndProject
Project("{2150E333-8FDC-42A3-9474-1A3956D46DE8}") = "Mirth", "Mirth", "{AE5B393C-97AB-45F6-9F10-D4775198EF2D}"
EndProject
Project("{2150E333-8FDC-42A3-9474-1A3956D46DE8}") = "Pentra", "Pentra", "{37AD66F7-F09C-4E24-BAE1-8CAC42516F75}"
EndProject
Project("{FAE04EC0-301F-11D3-BF4B-00C04F79EFBC}") = "HTTP", "HTTP\HTTP.csproj", "{08C71A8B-8171-440E-A05D-C08F4708CBBD}"
EndProject
Project("{2150E333-8FDC-42A3-9474-1A3956D46DE8}") = "Epic", "Epic", "{D2520283-F638-4458-92C7-052A02FB1146}"
EndProject
Project("{FAE04EC0-301F-11D3-BF4B-00C04F79EFBC}") = "EpicInterConnectAPI", "EpicInterConnectAPI\EpicInterConnectAPI.csproj", "{E3A7AC24-7457-4059-AAF7-32E4C4F0D1FF}"
EndProject
Global
	GlobalSection(SolutionConfigurationPlatforms) = preSolution
		Debug|Any CPU = Debug|Any CPU
		Release|Any CPU = Release|Any CPU
	EndGlobalSection
	GlobalSection(ProjectConfigurationPlatforms) = postSolution
		{8E7FAFEA-8DF2-4E14-AAC8-0B36F54E94F8}.Debug|Any CPU.ActiveCfg = Debug|Any CPU
		{8E7FAFEA-8DF2-4E14-AAC8-0B36F54E94F8}.Debug|Any CPU.Build.0 = Debug|Any CPU
		{8E7FAFEA-8DF2-4E14-AAC8-0B36F54E94F8}.Release|Any CPU.ActiveCfg = Release|Any CPU
		{8E7FAFEA-8DF2-4E14-AAC8-0B36F54E94F8}.Release|Any CPU.Build.0 = Release|Any CPU
		{02FBDC99-A8C2-411C-A052-E71A2C7696D5}.Debug|Any CPU.ActiveCfg = Debug|Any CPU
		{02FBDC99-A8C2-411C-A052-E71A2C7696D5}.Debug|Any CPU.Build.0 = Debug|Any CPU
		{02FBDC99-A8C2-411C-A052-E71A2C7696D5}.Release|Any CPU.ActiveCfg = Release|Any CPU
		{02FBDC99-A8C2-411C-A052-E71A2C7696D5}.Release|Any CPU.Build.0 = Release|Any CPU
		{F7B4EF9A-193E-4D1B-83B7-C7F6808AC4D6}.Debug|Any CPU.ActiveCfg = Debug|Any CPU
		{F7B4EF9A-193E-4D1B-83B7-C7F6808AC4D6}.Debug|Any CPU.Build.0 = Debug|Any CPU
		{F7B4EF9A-193E-4D1B-83B7-C7F6808AC4D6}.Release|Any CPU.ActiveCfg = Release|Any CPU
		{F7B4EF9A-193E-4D1B-83B7-C7F6808AC4D6}.Release|Any CPU.Build.0 = Release|Any CPU
		{5C90ADCF-BC30-4875-86E9-3B852E9ED0A2}.Debug|Any CPU.ActiveCfg = Debug|Any CPU
		{5C90ADCF-BC30-4875-86E9-3B852E9ED0A2}.Debug|Any CPU.Build.0 = Debug|Any CPU
		{5C90ADCF-BC30-4875-86E9-3B852E9ED0A2}.Release|Any CPU.ActiveCfg = Release|Any CPU
		{5C90ADCF-BC30-4875-86E9-3B852E9ED0A2}.Release|Any CPU.Build.0 = Release|Any CPU
		{73416450-DDAC-4FDC-93A9-060C5C84E748}.Debug|Any CPU.ActiveCfg = Debug|Any CPU
		{73416450-DDAC-4FDC-93A9-060C5C84E748}.Debug|Any CPU.Build.0 = Debug|Any CPU
		{73416450-DDAC-4FDC-93A9-060C5C84E748}.Release|Any CPU.ActiveCfg = Release|Any CPU
		{73416450-DDAC-4FDC-93A9-060C5C84E748}.Release|Any CPU.Build.0 = Release|Any CPU
		{345F74DE-EC28-46CA-B93A-54F297EFACF7}.Debug|Any CPU.ActiveCfg = Debug|Any CPU
		{345F74DE-EC28-46CA-B93A-54F297EFACF7}.Debug|Any CPU.Build.0 = Debug|Any CPU
		{345F74DE-EC28-46CA-B93A-54F297EFACF7}.Release|Any CPU.ActiveCfg = Release|Any CPU
		{345F74DE-EC28-46CA-B93A-54F297EFACF7}.Release|Any CPU.Build.0 = Release|Any CPU
		{08C71A8B-8171-440E-A05D-C08F4708CBBD}.Debug|Any CPU.ActiveCfg = Debug|Any CPU
		{08C71A8B-8171-440E-A05D-C08F4708CBBD}.Debug|Any CPU.Build.0 = Debug|Any CPU
		{08C71A8B-8171-440E-A05D-C08F4708CBBD}.Release|Any CPU.ActiveCfg = Release|Any CPU
		{08C71A8B-8171-440E-A05D-C08F4708CBBD}.Release|Any CPU.Build.0 = Release|Any CPU
		{E3A7AC24-7457-4059-AAF7-32E4C4F0D1FF}.Debug|Any CPU.ActiveCfg = Debug|Any CPU
		{E3A7AC24-7457-4059-AAF7-32E4C4F0D1FF}.Debug|Any CPU.Build.0 = Debug|Any CPU
		{E3A7AC24-7457-4059-AAF7-32E4C4F0D1FF}.Release|Any CPU.ActiveCfg = Release|Any CPU
		{E3A7AC24-7457-4059-AAF7-32E4C4F0D1FF}.Release|Any CPU.Build.0 = Release|Any CPU
	EndGlobalSection
	GlobalSection(SolutionProperties) = preSolution
		HideSolutionNode = FALSE
	EndGlobalSection
	GlobalSection(NestedProjects) = preSolution
		{02FBDC99-A8C2-411C-A052-E71A2C7696D5} = {AE5B393C-97AB-45F6-9F10-D4775198EF2D}
		{F7B4EF9A-193E-4D1B-83B7-C7F6808AC4D6} = {AE5B393C-97AB-45F6-9F10-D4775198EF2D}
		{73416450-DDAC-4FDC-93A9-060C5C84E748} = {37AD66F7-F09C-4E24-BAE1-8CAC42516F75}
		{345F74DE-EC28-46CA-B93A-54F297EFACF7} = {9FC0C50F-7201-4378-A0C4-47E0B1DAA9E9}
		{08C71A8B-8171-440E-A05D-C08F4708CBBD} = {9FC0C50F-7201-4378-A0C4-47E0B1DAA9E9}
		{E3A7AC24-7457-4059-AAF7-32E4C4F0D1FF} = {D2520283-F638-4458-92C7-052A02FB1146}
	EndGlobalSection
	GlobalSection(ExtensibilityGlobals) = postSolution
		SolutionGuid = {2777AA2F-FF3B-4366-B69E-9B2F265CBC93}
	EndGlobalSection
EndGlobal
